
Microsoft Visual Studio Solution File, Format Version 10.00
# Visual Studio 2008
Project("{8BC9CEB8-8B4A-11D0-8D11-00A0C91BC942}") = "GenerateHologramCUDA", "GenerateologramCUDA.vcproj", "{FC756535-7CE3-4A62-9DD3-7501ED8CA25E}"
EndProject
Global
	GlobalSection(SolutionConfigurationPlatforms) = preSolution
		Debug|Win32 = Debug|Win32
		Debug|x64 = Debug|x64
		EmuDebug|Win32 = EmuDebug|Win32
		EmuDebug|x64 = EmuDebug|x64
		EmuRelease|Win32 = EmuRelease|Win32
		EmuRelease|x64 = EmuRelease|x64
		NoSLM|Win32 = NoSLM|Win32
		NoSLM|x64 = NoSLM|x64
		PCIeSLM|Win32 = PCIeSLM|Win32
		PCIeSLM|x64 = PCIeSLM|x64
		PCISLM|Win32 = PCISLM|Win32
		PCISLM|x64 = PCISLM|x64
		Release|Win32 = Release|Win32
		Release|x64 = Release|x64
	EndGlobalSection
	GlobalSection(ProjectConfigurationPlatforms) = postSolution
		{FC756535-7CE3-4A62-9DD3-7501ED8CA25E}.Debug|Win32.ActiveCfg = Debug|Win32
		{FC756535-7CE3-4A62-9DD3-7501ED8CA25E}.Debug|Win32.Build.0 = Debug|Win32
		{FC756535-7CE3-4A62-9DD3-7501ED8CA25E}.Debug|x64.ActiveCfg = Debug|x64
		{FC756535-7CE3-4A62-9DD3-7501ED8CA25E}.Debug|x64.Build.0 = Debug|x64
		{FC756535-7CE3-4A62-9DD3-7501ED8CA25E}.EmuDebug|Win32.ActiveCfg = EmuDebug|Win32
		{FC756535-7CE3-4A62-9DD3-7501ED8CA25E}.EmuDebug|Win32.Build.0 = EmuDebug|Win32
		{FC756535-7CE3-4A62-9DD3-7501ED8CA25E}.EmuDebug|x64.ActiveCfg = EmuDebug|x64
		{FC756535-7CE3-4A62-9DD3-7501ED8CA25E}.EmuDebug|x64.Build.0 = EmuDebug|x64
		{FC756535-7CE3-4A62-9DD3-7501ED8CA25E}.EmuRelease|Win32.ActiveCfg = EmuRelease|Win32
		{FC756535-7CE3-4A62-9DD3-7501ED8CA25E}.EmuRelease|Win32.Build.0 = EmuRelease|Win32
		{FC756535-7CE3-4A62-9DD3-7501ED8CA25E}.EmuRelease|x64.ActiveCfg = EmuRelease|x64
		{FC756535-7CE3-4A62-9DD3-7501ED8CA25E}.EmuRelease|x64.Build.0 = EmuRelease|x64
		{FC756535-7CE3-4A62-9DD3-7501ED8CA25E}.NoSLM|Win32.ActiveCfg = Release_NoSLM|Win32
		{FC756535-7CE3-4A62-9DD3-7501ED8CA25E}.NoSLM|Win32.Build.0 = Release_NoSLM|Win32
		{FC756535-7CE3-4A62-9DD3-7501ED8CA25E}.NoSLM|x64.ActiveCfg = Release_NoSLM|x64
		{FC756535-7CE3-4A62-9DD3-7501ED8CA25E}.NoSLM|x64.Build.0 = Release_NoSLM|x64
		{FC756535-7CE3-4A62-9DD3-7501ED8CA25E}.PCIeSLM|Win32.ActiveCfg = Release_PCIeSLM|Win32
		{FC756535-7CE3-4A62-9DD3-7501ED8CA25E}.PCIeSLM|Win32.Build.0 = Release_PCIeSLM|Win32
		{FC756535-7CE3-4A62-9DD3-7501ED8CA25E}.PCIeSLM|x64.ActiveCfg = Release_PCIeSLM|x64
		{FC756535-7CE3-4A62-9DD3-7501ED8CA25E}.PCIeSLM|x64.Build.0 = Release_PCIeSLM|x64
		{FC756535-7CE3-4A62-9DD3-7501ED8CA25E}.PCISLM|Win32.ActiveCfg = Release_PCISLM|Win32
		{FC756535-7CE3-4A62-9DD3-7501ED8CA25E}.PCISLM|Win32.Build.0 = Release_PCISLM|Win32
		{FC756535-7CE3-4A62-9DD3-7501ED8CA25E}.PCISLM|x64.ActiveCfg = Release_PCISLM|x64
		{FC756535-7CE3-4A62-9DD3-7501ED8CA25E}.PCISLM|x64.Build.0 = Release_PCISLM|x64
		{FC756535-7CE3-4A62-9DD3-7501ED8CA25E}.Release|Win32.ActiveCfg = EmuRelease|Win32
		{FC756535-7CE3-4A62-9DD3-7501ED8CA25E}.Release|Win32.Build.0 = EmuRelease|Win32
		{FC756535-7CE3-4A62-9DD3-7501ED8CA25E}.Release|x64.ActiveCfg = EmuRelease|x64
		{FC756535-7CE3-4A62-9DD3-7501ED8CA25E}.Release|x64.Build.0 = EmuRelease|x64
	EndGlobalSection
	GlobalSection(SolutionProperties) = preSolution
		HideSolutionNode = FALSE
	EndGlobalSection
	GlobalSection(ExtensibilityGlobals) = postSolution
		BuildVersion_BuildVersioningStyle = None.None.None.None
		BuildVersion_UpdateAssemblyVersion = False
		BuildVersion_UpdateFileVersion = False
		BuildVersion_BuildAction = Both
		BuildVersion_StartDate = 2011/11/15
	EndGlobalSection
EndGlobal
